PODS:
  - RxCocoa (1.5):
    - RxSwift
  - RxSwift (1.5)
  - SwiftCSV (0.1.2)

DEPENDENCIES:
  - RxCocoa (~> 1.5)
  - RxSwift (~> 1.5)
  - SwiftCSV (~> 0.1)

SPEC CHECKSUMS:
  RxCocoa: b3589e7896da660463493c20e723196b1d2704b3
  RxSwift: a9ab446e4ee1e20371e5bf6bbc7b092bb5650c9e
  SwiftCSV: 02827538421b00b5af3fba80ed32f8918554c757

COCOAPODS: 0.37.2
